// !$*UTF8*$!
{
	archiveVersion = 1;
	classes = {
	};
	objectVersion = 56;
	objects = {

/* Begin PBXBuildFile section */
		24EB90692AD196AF0044AF03 /* AuthorizationViewController.swift in Sources */ = {isa = PBXBuildFile; fileRef = 24EB90682AD196AF0044AF03 /* AuthorizationViewController.swift */; };
		24EB906B2AD196F90044AF03 /* AuthorizationView.swift in Sources */ = {isa = PBXBuildFile; fileRef = 24EB906A2AD196F90044AF03 /* AuthorizationView.swift */; };
		24EB906E2AD33CC90044AF03 /* DetailsViewController.swift in Sources */ = {isa = PBXBuildFile; fileRef = 24EB906D2AD33CC90044AF03 /* DetailsViewController.swift */; };
		24EB90712AD34F320044AF03 /* SettingsViewController.swift in Sources */ = {isa = PBXBuildFile; fileRef = 24EB90702AD34F320044AF03 /* SettingsViewController.swift */; };
		24EB90732AD471BF0044AF03 /* PasswordService.swift in Sources */ = {isa = PBXBuildFile; fileRef = 24EB90722AD471BF0044AF03 /* PasswordService.swift */; };
		24EB90762AD5BA6F0044AF03 /* ButtonExtenshion.swift in Sources */ = {isa = PBXBuildFile; fileRef = 24EB90752AD5BA6F0044AF03 /* ButtonExtenshion.swift */; };
		24EB90782AD5C0F70044AF03 /* Enums.swift in Sources */ = {isa = PBXBuildFile; fileRef = 24EB90772AD5C0F70044AF03 /* Enums.swift */; };
		24EB907B2AD6EEA60044AF03 /* KeychainSwift in Frameworks */ = {isa = PBXBuildFile; productRef = 24EB907A2AD6EEA60044AF03 /* KeychainSwift */; };
		24EB907D2AD6F2ED0044AF03 /* SettingsView.swift in Sources */ = {isa = PBXBuildFile; fileRef = 24EB907C2AD6F2ED0044AF03 /* SettingsView.swift */; };
		24EB907F2AD7644F0044AF03 /* RealodViewController.swift in Sources */ = {isa = PBXBuildFile; fileRef = 24EB907E2AD7644F0044AF03 /* RealodViewController.swift */; };
		24EF2DE42ACC9FF50080C131 /* AppDelegate.swift in Sources */ = {isa = PBXBuildFile; fileRef = 24EF2DE32ACC9FF50080C131 /* AppDelegate.swift */; };
		24EF2DE62ACC9FF50080C131 /* SceneDelegate.swift in Sources */ = {isa = PBXBuildFile; fileRef = 24EF2DE52ACC9FF50080C131 /* SceneDelegate.swift */; };
		24EF2DE82ACC9FF50080C131 /* DocumentsViewController.swift in Sources */ = {isa = PBXBuildFile; fileRef = 24EF2DE72ACC9FF50080C131 /* DocumentsViewController.swift */; };
		24EF2DED2ACC9FFB0080C131 /* Assets.xcassets in Resources */ = {isa = PBXBuildFile; fileRef = 24EF2DEC2ACC9FFB0080C131 /* Assets.xcassets */; };
		24EF2DF02ACC9FFB0080C131 /* LaunchScreen.storyboard in Resources */ = {isa = PBXBuildFile; fileRef = 24EF2DEE2ACC9FFB0080C131 /* LaunchScreen.storyboard */; };
		24EF2DFA2ACCAD1E0080C131 /* DocumentsView.swift in Sources */ = {isa = PBXBuildFile; fileRef = 24EF2DF92ACCAD1E0080C131 /* DocumentsView.swift */; };
		24EF2E002ACCAF150080C131 /* FileManagerService.swift in Sources */ = {isa = PBXBuildFile; fileRef = 24EF2DFF2ACCAF150080C131 /* FileManagerService.swift */; };
/* End PBXBuildFile section */

/* Begin PBXFileReference section */
		24EB90682AD196AF0044AF03 /* AuthorizationViewController.swift */ = {isa = PBXFileReference; lastKnownFileType = sourcecode.swift; path = AuthorizationViewController.swift; sourceTree = "<group>"; };
		24EB906A2AD196F90044AF03 /* AuthorizationView.swift */ = {isa = PBXFileReference; lastKnownFileType = sourcecode.swift; path = AuthorizationView.swift; sourceTree = "<group>"; };
		24EB906D2AD33CC90044AF03 /* DetailsViewController.swift */ = {isa = PBXFileReference; lastKnownFileType = sourcecode.swift; path = DetailsViewController.swift; sourceTree = "<group>"; };
		24EB90702AD34F320044AF03 /* SettingsViewController.swift */ = {isa = PBXFileReference; lastKnownFileType = sourcecode.swift; path = SettingsViewController.swift; sourceTree = "<group>"; };
		24EB90722AD471BF0044AF03 /* PasswordService.swift */ = {isa = PBXFileReference; lastKnownFileType = sourcecode.swift; path = PasswordService.swift; sourceTree = "<group>"; };
		24EB90752AD5BA6F0044AF03 /* ButtonExtenshion.swift */ = {isa = PBXFileReference; lastKnownFileType = sourcecode.swift; path = ButtonExtenshion.swift; sourceTree = "<group>"; };
		24EB90772AD5C0F70044AF03 /* Enums.swift */ = {isa = PBXFileReference; lastKnownFileType = sourcecode.swift; path = Enums.swift; sourceTree = "<group>"; };
		24EB907C2AD6F2ED0044AF03 /* SettingsView.swift */ = {isa = PBXFileReference; lastKnownFileType = sourcecode.swift; path = SettingsView.swift; sourceTree = "<group>"; };
		24EB907E2AD7644F0044AF03 /* RealodViewController.swift */ = {isa = PBXFileReference; lastKnownFileType = sourcecode.swift; path = RealodViewController.swift; sourceTree = "<group>"; };
		24EF2DE02ACC9FF50080C131 /* Documents.app */ = {isa = PBXFileReference; explicitFileType = wrapper.application; includeInIndex = 0; path = Documents.app; sourceTree = BUILT_PRODUCTS_DIR; };
		24EF2DE32ACC9FF50080C131 /* AppDelegate.swift */ = {isa = PBXFileReference; lastKnownFileType = sourcecode.swift; path = AppDelegate.swift; sourceTree = "<group>"; };
		24EF2DE52ACC9FF50080C131 /* SceneDelegate.swift */ = {isa = PBXFileReference; lastKnownFileType = sourcecode.swift; path = SceneDelegate.swift; sourceTree = "<group>"; };
		24EF2DE72ACC9FF50080C131 /* DocumentsViewController.swift */ = {isa = PBXFileReference; lastKnownFileType = sourcecode.swift; path = DocumentsViewController.swift; sourceTree = "<group>"; };
		24EF2DEC2ACC9FFB0080C131 /* Assets.xcassets */ = {isa = PBXFileReference; lastKnownFileType = folder.assetcatalog; path = Assets.xcassets; sourceTree = "<group>"; };
		24EF2DEF2ACC9FFB0080C131 /* Base */ = {isa = PBXFileReference; lastKnownFileType = file.storyboard; name = Base; path = Base.lproj/LaunchScreen.storyboard; sourceTree = "<group>"; };
		24EF2DF12ACC9FFB0080C131 /* Info.plist */ = {isa = PBXFileReference; lastKnownFileType = text.plist.xml; path = Info.plist; sourceTree = "<group>"; };
		24EF2DF92ACCAD1E0080C131 /* DocumentsView.swift */ = {isa = PBXFileReference; lastKnownFileType = sourcecode.swift; path = DocumentsView.swift; sourceTree = "<group>"; };
		24EF2DFF2ACCAF150080C131 /* FileManagerService.swift */ = {isa = PBXFileReference; lastKnownFileType = sourcecode.swift; path = FileManagerService.swift; sourceTree = "<group>"; };
/* End PBXFileReference section */

/* Begin PBXFrameworksBuildPhase section */
		24EF2DDD2ACC9FF50080C131 /* Frameworks */ = {
			isa = PBXFrameworksBuildPhase;
			buildActionMask = 2147483647;
			files = (
				24EB907B2AD6EEA60044AF03 /* KeychainSwift in Frameworks */,
			);
			runOnlyForDeploymentPostprocessing = 0;
		};
/* End PBXFrameworksBuildPhase section */

/* Begin PBXGroup section */
		24EB90662AD1967E0044AF03 /* Controllers */ = {
			isa = PBXGroup;
			children = (
				24EB90672AD1968F0044AF03 /* AuthorizationViewController */,
				24EF2DF82ACCA1200080C131 /* DocumentsViewController */,
				24EB906F2AD34F130044AF03 /* SettingsViewController */,
				24EB906C2AD33CAA0044AF03 /* Controllers */,
			);
			path = Controllers;
			sourceTree = "<group>";
		};
		24EB90672AD1968F0044AF03 /* AuthorizationViewController */ = {
			isa = PBXGroup;
			children = (
				24EB90682AD196AF0044AF03 /* AuthorizationViewController.swift */,
				24EB906A2AD196F90044AF03 /* AuthorizationView.swift */,
				24EB90772AD5C0F70044AF03 /* Enums.swift */,
			);
			path = AuthorizationViewController;
			sourceTree = "<group>";
		};
		24EB906C2AD33CAA0044AF03 /* Controllers */ = {
			isa = PBXGroup;
			children = (
				24EB906D2AD33CC90044AF03 /* DetailsViewController.swift */,
				24EB907E2AD7644F0044AF03 /* RealodViewController.swift */,
			);
			path = Controllers;
			sourceTree = "<group>";
		};
		24EB906F2AD34F130044AF03 /* SettingsViewController */ = {
			isa = PBXGroup;
			children = (
				24EB90702AD34F320044AF03 /* SettingsViewController.swift */,
				24EB907C2AD6F2ED0044AF03 /* SettingsView.swift */,
			);
			path = SettingsViewController;
			sourceTree = "<group>";
		};
		24EB90742AD5BA4B0044AF03 /* Extenshions */ = {
			isa = PBXGroup;
			children = (
				24EB90752AD5BA6F0044AF03 /* ButtonExtenshion.swift */,
			);
			path = Extenshions;
			sourceTree = "<group>";
		};
		24EF2DD72ACC9FF50080C131 = {
			isa = PBXGroup;
			children = (
				24EF2DE22ACC9FF50080C131 /* Documents */,
				24EF2DE12ACC9FF50080C131 /* Products */,
			);
			sourceTree = "<group>";
		};
		24EF2DE12ACC9FF50080C131 /* Products */ = {
			isa = PBXGroup;
			children = (
				24EF2DE02ACC9FF50080C131 /* Documents.app */,
			);
			name = Products;
			sourceTree = "<group>";
		};
		24EF2DE22ACC9FF50080C131 /* Documents */ = {
			isa = PBXGroup;
			children = (
				24EF2DF72ACCA1040080C131 /* Resourses */,
				24EB90662AD1967E0044AF03 /* Controllers */,
				24EF2DFE2ACCAEF90080C131 /* Services */,
				24EB90742AD5BA4B0044AF03 /* Extenshions */,
				24EF2DEC2ACC9FFB0080C131 /* Assets.xcassets */,
				24EF2DEE2ACC9FFB0080C131 /* LaunchScreen.storyboard */,
				24EF2DF12ACC9FFB0080C131 /* Info.plist */,
			);
			path = Documents;
			sourceTree = "<group>";
		};
		24EF2DF72ACCA1040080C131 /* Resourses */ = {
			isa = PBXGroup;
			children = (
				24EF2DE32ACC9FF50080C131 /* AppDelegate.swift */,
				24EF2DE52ACC9FF50080C131 /* SceneDelegate.swift */,
			);
			path = Resourses;
			sourceTree = "<group>";
		};
		24EF2DF82ACCA1200080C131 /* DocumentsViewController */ = {
			isa = PBXGroup;
			children = (
				24EF2DE72ACC9FF50080C131 /* DocumentsViewController.swift */,
				24EF2DF92ACCAD1E0080C131 /* DocumentsView.swift */,
			);
			path = DocumentsViewController;
			sourceTree = "<group>";
		};
		24EF2DFE2ACCAEF90080C131 /* Services */ = {
			isa = PBXGroup;
			children = (
				24EF2DFF2ACCAF150080C131 /* FileManagerService.swift */,
				24EB90722AD471BF0044AF03 /* PasswordService.swift */,
			);
			path = Services;
			sourceTree = "<group>";
		};
/* End PBXGroup section */

/* Begin PBXNativeTarget section */
		24EF2DDF2ACC9FF50080C131 /* Documents */ = {
			isa = PBXNativeTarget;
			buildConfigurationList = 24EF2DF42ACC9FFB0080C131 /* Build configuration list for PBXNativeTarget "Documents" */;
			buildPhases = (
				24EF2DDC2ACC9FF50080C131 /* Sources */,
				24EF2DDD2ACC9FF50080C131 /* Frameworks */,
				24EF2DDE2ACC9FF50080C131 /* Resources */,
			);
			buildRules = (
			);
			dependencies = (
			);
			name = Documents;
			packageProductDependencies = (
				24EB907A2AD6EEA60044AF03 /* KeychainSwift */,
			);
			productName = Documents;
			productReference = 24EF2DE02ACC9FF50080C131 /* Documents.app */;
			productType = "com.apple.product-type.application";
		};
/* End PBXNativeTarget section */

/* Begin PBXProject section */
		24EF2DD82ACC9FF50080C131 /* Project object */ = {
			isa = PBXProject;
			attributes = {
				BuildIndependentTargetsInParallel = 1;
				LastSwiftUpdateCheck = 1500;
				LastUpgradeCheck = 1500;
				TargetAttributes = {
					24EF2DDF2ACC9FF50080C131 = {
						CreatedOnToolsVersion = 15.0;
					};
				};
			};
			buildConfigurationList = 24EF2DDB2ACC9FF50080C131 /* Build configuration list for PBXProject "Documents" */;
			compatibilityVersion = "Xcode 14.0";
			developmentRegion = en;
			hasScannedForEncodings = 0;
			knownRegions = (
				en,
				Base,
			);
			mainGroup = 24EF2DD72ACC9FF50080C131;
			packageReferences = (
				24EB90792AD6EEA60044AF03 /* XCRemoteSwiftPackageReference "keychain-swift" */,
			);
			productRefGroup = 24EF2DE12ACC9FF50080C131 /* Products */;
			projectDirPath = "";
			projectRoot = "";
			targets = (
				24EF2DDF2ACC9FF50080C131 /* Documents */,
			);
		};
/* End PBXProject section */

/* Begin PBXResourcesBuildPhase section */
		24EF2DDE2ACC9FF50080C131 /* Resources */ = {
			isa = PBXResourcesBuildPhase;
			buildActionMask = 2147483647;
			files = (
				24EF2DF02ACC9FFB0080C131 /* LaunchScreen.storyboard in Resources */,
				24EF2DED2ACC9FFB0080C131 /* Assets.xcassets in Resources */,
			);
			runOnlyForDeploymentPostprocessing = 0;
		};
/* End PBXResourcesBuildPhase section */

/* Begin PBXSourcesBuildPhase section */
		24EF2DDC2ACC9FF50080C131 /* Sources */ = {
			isa = PBXSourcesBuildPhase;
			buildActionMask = 2147483647;
			files = (
				24EB90692AD196AF0044AF03 /* AuthorizationViewController.swift in Sources */,
				24EF2DE82ACC9FF50080C131 /* DocumentsViewController.swift in Sources */,
				24EF2DE42ACC9FF50080C131 /* AppDelegate.swift in Sources */,
				24EB906E2AD33CC90044AF03 /* DetailsViewController.swift in Sources */,
				24EF2DE62ACC9FF50080C131 /* SceneDelegate.swift in Sources */,
				24EF2DFA2ACCAD1E0080C131 /* DocumentsView.swift in Sources */,
				24EB906B2AD196F90044AF03 /* AuthorizationView.swift in Sources */,
				24EF2E002ACCAF150080C131 /* FileManagerService.swift in Sources */,
				24EB90732AD471BF0044AF03 /* PasswordService.swift in Sources */,
				24EB90712AD34F320044AF03 /* SettingsViewController.swift in Sources */,
				24EB90782AD5C0F70044AF03 /* Enums.swift in Sources */,
				24EB90762AD5BA6F0044AF03 /* ButtonExtenshion.swift in Sources */,
				24EB907D2AD6F2ED0044AF03 /* SettingsView.swift in Sources */,
				24EB907F2AD7644F0044AF03 /* RealodViewController.swift in Sources */,
			);
			runOnlyForDeploymentPostprocessing = 0;
		};
/* End PBXSourcesBuildPhase section */

/* Begin PBXVariantGroup section */
		24EF2DEE2ACC9FFB0080C131 /* LaunchScreen.storyboard */ = {
			isa = PBXVariantGroup;
			children = (
				24EF2DEF2ACC9FFB0080C131 /* Base */,
			);
			name = LaunchScreen.storyboard;
			sourceTree = "<group>";
		};
/* End PBXVariantGroup section */

/* Begin XCBuildConfiguration section */
		24EF2DF22ACC9FFB0080C131 /* Debug */ = {
			isa = XCBuildConfiguration;
			buildSettings = {
				ALWAYS_SEARCH_USER_PATHS = NO;
				ASSETCATALOG_COMPILER_GENERATE_SWIFT_ASSET_SYMBOL_EXTENSIONS = YES;
				CLANG_ANALYZER_NONNULL = YES;
				CLANG_ANALYZER_NUMBER_OBJECT_CONVERSION = YES_AGGRESSIVE;
				CLANG_CXX_LANGUAGE_STANDARD = "gnu++20";
				CLANG_ENABLE_MODULES = YES;
				CLANG_ENABLE_OBJC_ARC = YES;
				CLANG_ENABLE_OBJC_WEAK = YES;
				CLANG_WARN_BLOCK_CAPTURE_AUTORELEASING = YES;
				CLANG_WARN_BOOL_CONVERSION = YES;
				CLANG_WARN_COMMA = YES;
				CLANG_WARN_CONSTANT_CONVERSION = YES;
				CLANG_WARN_DEPRECATED_OBJC_IMPLEMENTATIONS = YES;
				CLANG_WARN_DIRECT_OBJC_ISA_USAGE = YES_ERROR;
				CLANG_WARN_DOCUMENTATION_COMMENTS = YES;
				CLANG_WARN_EMPTY_BODY = YES;
				CLANG_WARN_ENUM_CONVERSION = YES;
				CLANG_WARN_INFINITE_RECURSION = YES;
				CLANG_WARN_INT_CONVERSION = YES;
				CLANG_WARN_NON_LITERAL_NULL_CONVERSION = YES;
				CLANG_WARN_OBJC_IMPLICIT_RETAIN_SELF = YES;
				CLANG_WARN_OBJC_LITERAL_CONVERSION = YES;
				CLANG_WARN_OBJC_ROOT_CLASS = YES_ERROR;
				CLANG_WARN_QUOTED_INCLUDE_IN_FRAMEWORK_HEADER = YES;
				CLANG_WARN_RANGE_LOOP_ANALYSIS = YES;
				CLANG_WARN_STRICT_PROTOTYPES = YES;
				CLANG_WARN_SUSPICIOUS_MOVE = YES;
				CLANG_WARN_UNGUARDED_AVAILABILITY = YES_AGGRESSIVE;
				CLANG_WARN_UNREACHABLE_CODE = YES;
				CLANG_WARN__DUPLICATE_METHOD_MATCH = YES;
				COPY_PHASE_STRIP = NO;
				DEBUG_INFORMATION_FORMAT = dwarf;
				ENABLE_STRICT_OBJC_MSGSEND = YES;
				ENABLE_TESTABILITY = YES;
				ENABLE_USER_SCRIPT_SANDBOXING = YES;
				GCC_C_LANGUAGE_STANDARD = gnu17;
				GCC_DYNAMIC_NO_PIC = NO;
				GCC_NO_COMMON_BLOCKS = YES;
				GCC_OPTIMIZATION_LEVEL = 0;
				GCC_PREPROCESSOR_DEFINITIONS = (
					"DEBUG=1",
					"$(inherited)",
				);
				GCC_WARN_64_TO_32_BIT_CONVERSION = YES;
				GCC_WARN_ABOUT_RETURN_TYPE = YES_ERROR;
				GCC_WARN_UNDECLARED_SELECTOR = YES;
				GCC_WARN_UNINITIALIZED_AUTOS = YES_AGGRESSIVE;
				GCC_WARN_UNUSED_FUNCTION = YES;
				GCC_WARN_UNUSED_VARIABLE = YES;
				IPHONEOS_DEPLOYMENT_TARGET = 17.0;
				LOCALIZATION_PREFERS_STRING_CATALOGS = YES;
				MTL_ENABLE_DEBUG_INFO = INCLUDE_SOURCE;
				MTL_FAST_MATH = YES;
				ONLY_ACTIVE_ARCH = YES;
				SDKROOT = iphoneos;
				SWIFT_ACTIVE_COMPILATION_CONDITIONS = "DEBUG $(inherited)";
				SWIFT_OPTIMIZATION_LEVEL = "-Onone";
			};
			name = Debug;
		};
		24EF2DF32ACC9FFB0080C131 /* Release */ = {
			isa = XCBuildConfiguration;
			buildSettings = {
				ALWAYS_SEARCH_USER_PATHS = NO;
				ASSETCATALOG_COMPILER_GENERATE_SWIFT_ASSET_SYMBOL_EXTENSIONS = YES;
				CLANG_ANALYZER_NONNULL = YES;
				CLANG_ANALYZER_NUMBER_OBJECT_CONVERSION = YES_AGGRESSIVE;
				CLANG_CXX_LANGUAGE_STANDARD = "gnu++20";
				CLANG_ENABLE_MODULES = YES;
				CLANG_ENABLE_OBJC_ARC = YES;
				CLANG_ENABLE_OBJC_WEAK = YES;
				CLANG_WARN_BLOCK_CAPTURE_AUTORELEASING = YES;
				CLANG_WARN_BOOL_CONVERSION = YES;
				CLANG_WARN_COMMA = YES;
				CLANG_WARN_CONSTANT_CONVERSION = YES;
				CLANG_WARN_DEPRECATED_OBJC_IMPLEMENTATIONS = YES;
				CLANG_WARN_DIRECT_OBJC_ISA_USAGE = YES_ERROR;
				CLANG_WARN_DOCUMENTATION_COMMENTS = YES;
				CLANG_WARN_EMPTY_BODY = YES;
				CLANG_WARN_ENUM_CONVERSION = YES;
				CLANG_WARN_INFINITE_RECURSION = YES;
				CLANG_WARN_INT_CONVERSION = YES;
				CLANG_WARN_NON_LITERAL_NULL_CONVERSION = YES;
				CLANG_WARN_OBJC_IMPLICIT_RETAIN_SELF = YES;
				CLANG_WARN_OBJC_LITERAL_CONVERSION = YES;
				CLANG_WARN_OBJC_ROOT_CLASS = YES_ERROR;
				CLANG_WARN_QUOTED_INCLUDE_IN_FRAMEWORK_HEADER = YES;
				CLANG_WARN_RANGE_LOOP_ANALYSIS = YES;
				CLANG_WARN_STRICT_PROTOTYPES = YES;
				CLANG_WARN_SUSPICIOUS_MOVE = YES;
				CLANG_WARN_UNGUARDED_AVAILABILITY = YES_AGGRESSIVE;
				CLANG_WARN_UNREACHABLE_CODE = YES;
				CLANG_WARN__DUPLICATE_METHOD_MATCH = YES;
				COPY_PHASE_STRIP = NO;
				DEBUG_INFORMATION_FORMAT = "dwarf-with-dsym";
				ENABLE_NS_ASSERTIONS = NO;
				ENABLE_STRICT_OBJC_MSGSEND = YES;
				ENABLE_USER_SCRIPT_SANDBOXING = YES;
				GCC_C_LANGUAGE_STANDARD = gnu17;
				GCC_NO_COMMON_BLOCKS = YES;
				GCC_WARN_64_TO_32_BIT_CONVERSION = YES;
				GCC_WARN_ABOUT_RETURN_TYPE = YES_ERROR;
				GCC_WARN_UNDECLARED_SELECTOR = YES;
				GCC_WARN_UNINITIALIZED_AUTOS = YES_AGGRESSIVE;
				GCC_WARN_UNUSED_FUNCTION = YES;
				GCC_WARN_UNUSED_VARIABLE = YES;
				IPHONEOS_DEPLOYMENT_TARGET = 17.0;
				LOCALIZATION_PREFERS_STRING_CATALOGS = YES;
				MTL_ENABLE_DEBUG_INFO = NO;
				MTL_FAST_MATH = YES;
				SDKROOT = iphoneos;
				SWIFT_COMPILATION_MODE = wholemodule;
				VALIDATE_PRODUCT = YES;
			};
			name = Release;
		};
		24EF2DF52ACC9FFB0080C131 /* Debug */ = {
			isa = XCBuildConfiguration;
			buildSettings = {
				ASSETCATALOG_COMPILER_APPICON_NAME = AppIcon;
				ASSETCATALOG_COMPILER_GLOBAL_ACCENT_COLOR_NAME = AccentColor;
				CODE_SIGN_STYLE = Automatic;
				CURRENT_PROJECT_VERSION = 1;
				GENERATE_INFOPLIST_FILE = YES;
				INFOPLIST_FILE = Documents/Info.plist;
				INFOPLIST_KEY_UIApplicationSupportsIndirectInputEvents = YES;
				INFOPLIST_KEY_UILaunchStoryboardName = LaunchScreen;
				INFOPLIST_KEY_UISupportedInterfaceOrientations_iPad = "UIInterfaceOrientationPortrait UIInterfaceOrientationPortraitUpsideDown UIInterfaceOrientationLandscapeLeft UIInterfaceOrientationLandscapeRight";
				INFOPLIST_KEY_UISupportedInterfaceOrientations_iPhone = "UIInterfaceOrientationPortrait UIInterfaceOrientationLandscapeLeft UIInterfaceOrientationLandscapeRight";
				LD_RUNPATH_SEARCH_PATHS = (
					"$(inherited)",
					"@executable_path/Frameworks",
				);
				MARKETING_VERSION = 1.0;
				PRODUCT_BUNDLE_IDENTIFIER = Team.Documents;
				PRODUCT_NAME = "$(TARGET_NAME)";
				SWIFT_EMIT_LOC_STRINGS = YES;
				SWIFT_VERSION = 5.0;
				TARGETED_DEVICE_FAMILY = "1,2";
			};
			name = Debug;
		};
		24EF2DF62ACC9FFB0080C131 /* Release */ = {
			isa = XCBuildConfiguration;
			buildSettings = {
				ASSETCATALOG_COMPILER_APPICON_NAME = AppIcon;
				ASSETCATALOG_COMPILER_GLOBAL_ACCENT_COLOR_NAME = AccentColor;
				CODE_SIGN_STYLE = Automatic;
				CURRENT_PROJECT_VERSION = 1;
				GENERATE_INFOPLIST_FILE = YES;
				INFOPLIST_FILE = Documents/Info.plist;
				INFOPLIST_KEY_UIApplicationSupportsIndirectInputEvents = YES;
				INFOPLIST_KEY_UILaunchStoryboardName = LaunchScreen;
				INFOPLIST_KEY_UISupportedInterfaceOrientations_iPad = "UIInterfaceOrientationPortrait UIInterfaceOrientationPortraitUpsideDown UIInterfaceOrientationLandscapeLeft UIInterfaceOrientationLandscapeRight";
				INFOPLIST_KEY_UISupportedInterfaceOrientations_iPhone = "UIInterfaceOrientationPortrait UIInterfaceOrientationLandscapeLeft UIInterfaceOrientationLandscapeRight";
				LD_RUNPATH_SEARCH_PATHS = (
					"$(inherited)",
					"@executable_path/Frameworks",
				);
				MARKETING_VERSION = 1.0;
				PRODUCT_BUNDLE_IDENTIFIER = Team.Documents;
				PRODUCT_NAME = "$(TARGET_NAME)";
				SWIFT_EMIT_LOC_STRINGS = YES;
				SWIFT_VERSION = 5.0;
				TARGETED_DEVICE_FAMILY = "1,2";
			};
			name = Release;
		};
/* End XCBuildConfiguration section */

/* Begin XCConfigurationList section */
		24EF2DDB2ACC9FF50080C131 /* Build configuration list for PBXProject "Documents" */ = {
			isa = XCConfigurationList;
			buildConfigurations = (
				24EF2DF22ACC9FFB0080C131 /* Debug */,
				24EF2DF32ACC9FFB0080C131 /* Release */,
			);
			defaultConfigurationIsVisible = 0;
			defaultConfigurationName = Release;
		};
		24EF2DF42ACC9FFB0080C131 /* Build configuration list for PBXNativeTarget "Documents" */ = {
			isa = XCConfigurationList;
			buildConfigurations = (
				24EF2DF52ACC9FFB0080C131 /* Debug */,
				24EF2DF62ACC9FFB0080C131 /* Release */,
			);
			defaultConfigurationIsVisible = 0;
			defaultConfigurationName = Release;
		};
/* End XCConfigurationList section */

/* Begin XCRemoteSwiftPackageReference section */
		24EB90792AD6EEA60044AF03 /* XCRemoteSwiftPackageReference "keychain-swift" */ = {
			isa = XCRemoteSwiftPackageReference;
			repositoryURL = "https://github.com/evgenyneu/keychain-swift";
			requirement = {
				kind = upToNextMajorVersion;
				minimumVersion = 20.0.0;
			};
		};
/* End XCRemoteSwiftPackageReference section */

/* Begin XCSwiftPackageProductDependency section */
		24EB907A2AD6EEA60044AF03 /* KeychainSwift */ = {
			isa = XCSwiftPackageProductDependency;
			package = 24EB90792AD6EEA60044AF03 /* XCRemoteSwiftPackageReference "keychain-swift" */;
			productName = KeychainSwift;
		};
/* End XCSwiftPackageProductDependency section */
	};
	rootObject = 24EF2DD82ACC9FF50080C131 /* Project object */;
}
